{
  "name": "sketch",
  "version": "1.0.0",
  "lockfileVersion": 1,
  "requires": true,
  "dependencies": {
    "@cleavera/config": {
      "version": "1.2.0",
      "resolved": "https://registry.npmjs.org/@cleavera/config/-/config-1.2.0.tgz",
      "integrity": "sha512-oaTEsyg/335s6y1+8c0wlQ4/BcCS63rBgedkz8QnCABbImJFC4zRjebjfV9XWhpVHP3LDqKITmL1f98Supygeg==",
      "dev": true
    }
  }
}
